PODS:
  - businessKit (0.1.0):
    - foundationKit
  - foundationKit (0.1.0)

DEPENDENCIES:
  - businessKit (from `../business/build/XCFrameworks/debug`)
  - foundationKit (from `../foundation/build/XCFrameworks/debug`)

EXTERNAL SOURCES:
  businessKit:
    :path: "../business/build/XCFrameworks/debug"
  foundationKit:
    :path: "../foundation/build/XCFrameworks/debug"

SPEC CHECKSUMS:
  businessKit: 24ec02602226c6f0ded84457e0408e645d58914f
  foundationKit: 81d20dbfe9acaa9d6d1827ff3b41d92ad1688273

PODFILE CHECKSUM: 410193e90f8049aeb98a766ff33485df068b3ab8

COCOAPODS: 1.16.2
