PODS:
  - businessKit (0.1.0):
    - foundationKit
  - foundationKit (0.1.0)

DEPENDENCIES:
  - businessKit (from `../business/build/XCFrameworks/debug`)
  - foundationKit (from `../foundation/build/XCFrameworks/debug`)

EXTERNAL SOURCES:
  businessKit:
    :path: "../business/build/XCFrameworks/debug"
  foundationKit:
    :path: "../foundation/build/XCFrameworks/debug"

SPEC CHECKSUMS:
  businessKit: 24ec02602226c6f0ded84457e0408e645d58914f
  foundationKit: 81d20dbfe9acaa9d6d1827ff3b41d92ad1688273

PODFILE CHECKSUM: 40587c37c7fd5226f2dd58ee383d82a8f8762c25

COCOAPODS: 1.16.2
