PODS:
  - businessKit (0.1.0):
    - foundationKit
  - foundationKit (0.1.0)

DEPENDENCIES:
  - businessKit (from `../business/KMPBusiness/build/XCFrameworks/debug`)
  - foundationKit (from `../foundation/KMPFoundation/build/XCFrameworks/debug`)

EXTERNAL SOURCES:
  businessKit:
    :path: "../business/KMPBusiness/build/XCFrameworks/debug"
  foundationKit:
    :path: "../foundation/KMPFoundation/build/XCFrameworks/debug"

SPEC CHECKSUMS:
  businessKit: 24ec02602226c6f0ded84457e0408e645d58914f
  foundationKit: 81d20dbfe9acaa9d6d1827ff3b41d92ad1688273

PODFILE CHECKSUM: 3a06505b48184a59b7840d855928308e4290a4f9

COCOAPODS: 1.16.2
